
Microsoft Visual Studio Solution File, Format Version 12.00
# Visual Studio Version 16
VisualStudioVersion = 16.0.29806.167
MinimumVisualStudioVersion = 10.0.40219.1
Project("{9A19103F-16F7-4668-BE54-9A1E7A4F7556}") = "ERAWeb.Core", "ERAWeb.Core\ERAWeb.Core.csproj", "{E5F968EA-1BDD-44B2-8E2C-BFEA2AA90D13}"
EndProject
Project("{9A19103F-16F7-4668-BE54-9A1E7A4F7556}") = "ERAWeb.Infrastructure", "ERAWeb.Infrastructure\ERAWeb.Infrastructure.csproj", "{85683E71-1091-42DC-8B3F-972A4929C653}"
EndProject
Project("{9A19103F-16F7-4668-BE54-9A1E7A4F7556}") = "ERAWeb.Logger", "ERAWeb.Logger\ERAWeb.Logger.csproj", "{3F0BA64A-921C-4CE9-B5D5-92327B700951}"
EndProject
Project("{9A19103F-16F7-4668-BE54-9A1E7A4F7556}") = "ERAWeb.Proxy", "ERAWeb.Proxy\ERAWeb.Proxy.csproj", "{D167F090-FEA0-4B72-A466-2015CDE5E5CD}"
EndProject
Project("{9A19103F-16F7-4668-BE54-9A1E7A4F7556}") = "ERAWeb.Models", "ERAWeb.Models\ERAWeb.Models.csproj", "{039E607E-0336-4AF6-87C5-2406D7128874}"
EndProject
Project("{2150E333-8FDC-42A3-9474-1A3956D46DE8}") = "1. Web", "1. Web", "{1FB899A5-F121-4930-8D8B-605D7E634D95}"
EndProject
Project("{2150E333-8FDC-42A3-9474-1A3956D46DE8}") = "2. Core", "2. Core", "{3FDE6593-6235-4A53-9FA8-7AF736F6FDFA}"
EndProject
Project("{2150E333-8FDC-42A3-9474-1A3956D46DE8}") = "3. Infrastructure", "3. Infrastructure", "{A771493A-0A59-4085-8AD6-3315901E6C01}"
EndProject
Project("{2150E333-8FDC-42A3-9474-1A3956D46DE8}") = "4. Logger", "4. Logger", "{1801C7EA-0D9F-47E6-B1F6-C3F251642786}"
EndProject
Project("{2150E333-8FDC-42A3-9474-1A3956D46DE8}") = "5. ServiceProxy", "5. ServiceProxy", "{B196A6D1-44E3-4DF4-86F8-90CC23116F51}"
EndProject
Project("{2150E333-8FDC-42A3-9474-1A3956D46DE8}") = "6. Models", "6. Models", "{56BA5064-2164-448E-B9D8-8528CD5DB18E}"
EndProject
Project("{FAE04EC0-301F-11D3-BF4B-00C04F79EFBC}") = "ERAWeb.App", "ERAWeb.App\ERAWeb.App.csproj", "{772DA441-DA11-4714-81FF-22C355ED1246}"
EndProject
Global
	GlobalSection(SolutionConfigurationPlatforms) = preSolution
		Debug|Any CPU = Debug|Any CPU
		Release|Any CPU = Release|Any CPU
	EndGlobalSection
	GlobalSection(ProjectConfigurationPlatforms) = postSolution
		{E5F968EA-1BDD-44B2-8E2C-BFEA2AA90D13}.Debug|Any CPU.ActiveCfg = Debug|Any CPU
		{E5F968EA-1BDD-44B2-8E2C-BFEA2AA90D13}.Debug|Any CPU.Build.0 = Debug|Any CPU
		{E5F968EA-1BDD-44B2-8E2C-BFEA2AA90D13}.Release|Any CPU.ActiveCfg = Release|Any CPU
		{E5F968EA-1BDD-44B2-8E2C-BFEA2AA90D13}.Release|Any CPU.Build.0 = Release|Any CPU
		{85683E71-1091-42DC-8B3F-972A4929C653}.Debug|Any CPU.ActiveCfg = Debug|Any CPU
		{85683E71-1091-42DC-8B3F-972A4929C653}.Debug|Any CPU.Build.0 = Debug|Any CPU
		{85683E71-1091-42DC-8B3F-972A4929C653}.Release|Any CPU.ActiveCfg = Release|Any CPU
		{85683E71-1091-42DC-8B3F-972A4929C653}.Release|Any CPU.Build.0 = Release|Any CPU
		{3F0BA64A-921C-4CE9-B5D5-92327B700951}.Debug|Any CPU.ActiveCfg = Debug|Any CPU
		{3F0BA64A-921C-4CE9-B5D5-92327B700951}.Debug|Any CPU.Build.0 = Debug|Any CPU
		{3F0BA64A-921C-4CE9-B5D5-92327B700951}.Release|Any CPU.ActiveCfg = Release|Any CPU
		{3F0BA64A-921C-4CE9-B5D5-92327B700951}.Release|Any CPU.Build.0 = Release|Any CPU
		{D167F090-FEA0-4B72-A466-2015CDE5E5CD}.Debug|Any CPU.ActiveCfg = Debug|Any CPU
		{D167F090-FEA0-4B72-A466-2015CDE5E5CD}.Debug|Any CPU.Build.0 = Debug|Any CPU
		{D167F090-FEA0-4B72-A466-2015CDE5E5CD}.Release|Any CPU.ActiveCfg = Release|Any CPU
		{D167F090-FEA0-4B72-A466-2015CDE5E5CD}.Release|Any CPU.Build.0 = Release|Any CPU
		{039E607E-0336-4AF6-87C5-2406D7128874}.Debug|Any CPU.ActiveCfg = Debug|Any CPU
		{039E607E-0336-4AF6-87C5-2406D7128874}.Debug|Any CPU.Build.0 = Debug|Any CPU
		{039E607E-0336-4AF6-87C5-2406D7128874}.Release|Any CPU.ActiveCfg = Release|Any CPU
		{039E607E-0336-4AF6-87C5-2406D7128874}.Release|Any CPU.Build.0 = Release|Any CPU
		{772DA441-DA11-4714-81FF-22C355ED1246}.Debug|Any CPU.ActiveCfg = Debug|Any CPU
		{772DA441-DA11-4714-81FF-22C355ED1246}.Debug|Any CPU.Build.0 = Debug|Any CPU
		{772DA441-DA11-4714-81FF-22C355ED1246}.Release|Any CPU.ActiveCfg = Release|Any CPU
		{772DA441-DA11-4714-81FF-22C355ED1246}.Release|Any CPU.Build.0 = Release|Any CPU
	EndGlobalSection
	GlobalSection(SolutionProperties) = preSolution
		HideSolutionNode = FALSE
	EndGlobalSection
	GlobalSection(NestedProjects) = preSolution
		{E5F968EA-1BDD-44B2-8E2C-BFEA2AA90D13} = {3FDE6593-6235-4A53-9FA8-7AF736F6FDFA}
		{85683E71-1091-42DC-8B3F-972A4929C653} = {A771493A-0A59-4085-8AD6-3315901E6C01}
		{3F0BA64A-921C-4CE9-B5D5-92327B700951} = {1801C7EA-0D9F-47E6-B1F6-C3F251642786}
		{D167F090-FEA0-4B72-A466-2015CDE5E5CD} = {B196A6D1-44E3-4DF4-86F8-90CC23116F51}
		{039E607E-0336-4AF6-87C5-2406D7128874} = {56BA5064-2164-448E-B9D8-8528CD5DB18E}
		{772DA441-DA11-4714-81FF-22C355ED1246} = {1FB899A5-F121-4930-8D8B-605D7E634D95}
	EndGlobalSection
	GlobalSection(ExtensibilityGlobals) = postSolution
		SolutionGuid = {439E32F4-18A0-478A-93A7-4F520AF43355}
	EndGlobalSection
EndGlobal
